
Microsoft Visual Studio Solution File, Format Version 12.00
# Visual Studio Version 16
VisualStudioVersion = 16.0.30907.101
MinimumVisualStudioVersion = 10.0.40219.1
Project("{9A19103F-16F7-4668-BE54-9A1E7A4F7556}") = "shout-api", "shout-api\shout-api.csproj", "{3C13557D-BD9D-4040-8A2B-A6EFBB119FEA}"
EndProject
Project("{FAE04EC0-301F-11D3-BF4B-00C04F79EFBC}") = "shout-api.Tests", "shout-api.Tests\shout-api.Tests.csproj", "{744B5906-DD10-4622-9BB2-0E705A022004}"
EndProject
Global
	GlobalSection(SolutionConfigurationPlatforms) = preSolution
		Debug|Any CPU = Debug|Any CPU
		Release|Any CPU = Release|Any CPU
	EndGlobalSection
	GlobalSection(ProjectConfigurationPlatforms) = postSolution
		{3C13557D-BD9D-4040-8A2B-A6EFBB119FEA}.Debug|Any CPU.ActiveCfg = Debug|Any CPU
		{3C13557D-BD9D-4040-8A2B-A6EFBB119FEA}.Debug|Any CPU.Build.0 = Debug|Any CPU
		{3C13557D-BD9D-4040-8A2B-A6EFBB119FEA}.Release|Any CPU.ActiveCfg = Release|Any CPU
		{3C13557D-BD9D-4040-8A2B-A6EFBB119FEA}.Release|Any CPU.Build.0 = Release|Any CPU
		{744B5906-DD10-4622-9BB2-0E705A022004}.Debug|Any CPU.ActiveCfg = Debug|Any CPU
		{744B5906-DD10-4622-9BB2-0E705A022004}.Debug|Any CPU.Build.0 = Debug|Any CPU
		{744B5906-DD10-4622-9BB2-0E705A022004}.Release|Any CPU.ActiveCfg = Release|Any CPU
		{744B5906-DD10-4622-9BB2-0E705A022004}.Release|Any CPU.Build.0 = Release|Any CPU
	EndGlobalSection
	GlobalSection(SolutionProperties) = preSolution
		HideSolutionNode = FALSE
	EndGlobalSection
	GlobalSection(ExtensibilityGlobals) = postSolution
		SolutionGuid = {78FD7C92-5BF2-4C82-BF1B-08E8CAD632F7}
	EndGlobalSection
EndGlobal
